
Microsoft Visual Studio Solution File, Format Version 12.00
# Visual Studio Version 17
VisualStudioVersion = 17.11.35312.102
MinimumVisualStudioVersion = 10.0.40219.1
Project("{FAE04EC0-301F-11D3-BF4B-00C04F79EFBC}") = "C2P2", "C2P2\C2P2.csproj", "{99D81C69-7EB6-4847-B22F-5F2D8AAEBECE}"
EndProject
Global
	GlobalSection(SolutionConfigurationPlatforms) = preSolution
		Debug|Any CPU = Debug|Any CPU
		Release|Any CPU = Release|Any CPU
	EndGlobalSection
	GlobalSection(ProjectConfigurationPlatforms) = postSolution
		{99D81C69-7EB6-4847-B22F-5F2D8AAEBECE}.Debug|Any CPU.ActiveCfg = Debug|Any CPU
		{99D81C69-7EB6-4847-B22F-5F2D8AAEBECE}.Debug|Any CPU.Build.0 = Debug|Any CPU
		{99D81C69-7EB6-4847-B22F-5F2D8AAEBECE}.Release|Any CPU.ActiveCfg = Release|Any CPU
		{99D81C69-7EB6-4847-B22F-5F2D8AAEBECE}.Release|Any CPU.Build.0 = Release|Any CPU
	EndGlobalSection
	GlobalSection(SolutionProperties) = preSolution
		HideSolutionNode = FALSE
	EndGlobalSection
	GlobalSection(ExtensibilityGlobals) = postSolution
		SolutionGuid = {3474A4E6-42A9-4D8D-81A4-6D35351E848E}
	EndGlobalSection
EndGlobal
